
Microsoft Visual Studio Solution File, Format Version 12.00
# Visual Studio Version 17
VisualStudioVersion = 17.9.34723.18
MinimumVisualStudioVersion = 10.0.40219.1
Project("{FAE04EC0-301F-11D3-BF4B-00C04F79EFBC}") = "optativolll-introducion", "optativolll-introducion\optativolll-introducion.csproj", "{B15F6107-A700-427D-8D8A-34BFE8824BF0}"
EndProject
Global
	GlobalSection(SolutionConfigurationPlatforms) = preSolution
		Debug|Any CPU = Debug|Any CPU
		Release|Any CPU = Release|Any CPU
	EndGlobalSection
	GlobalSection(ProjectConfigurationPlatforms) = postSolution
		{B15F6107-A700-427D-8D8A-34BFE8824BF0}.Debug|Any CPU.ActiveCfg = Debug|Any CPU
		{B15F6107-A700-427D-8D8A-34BFE8824BF0}.Debug|Any CPU.Build.0 = Debug|Any CPU
		{B15F6107-A700-427D-8D8A-34BFE8824BF0}.Release|Any CPU.ActiveCfg = Release|Any CPU
		{B15F6107-A700-427D-8D8A-34BFE8824BF0}.Release|Any CPU.Build.0 = Release|Any CPU
	EndGlobalSection
	GlobalSection(SolutionProperties) = preSolution
		HideSolutionNode = FALSE
	EndGlobalSection
	GlobalSection(ExtensibilityGlobals) = postSolution
		SolutionGuid = {92B7EE92-5E63-44E2-9E0E-E1813D1DA929}
	EndGlobalSection
EndGlobal
